// !$*UTF8*$!
{
	archiveVersion = 1;
	classes = {
	};
	objectVersion = 46;
	objects = {

/* Begin PBXBuildFile section */
		4A2C55621BE864270023A64C /* AppDelegate.swift in Sources */ = {isa = PBXBuildFile; fileRef = 4A2C555B1BE864270023A64C /* AppDelegate.swift */; };
		4A2C55631BE864270023A64C /* Assets.xcassets in Resources */ = {isa = PBXBuildFile; fileRef = 4A2C555D1BE864270023A64C /* Assets.xcassets */; };
		4A2C55641BE864270023A64C /* Main.storyboard in Resources */ = {isa = PBXBuildFile; fileRef = 4A2C555E1BE864270023A64C /* Main.storyboard */; };
		4A2C55651BE864270023A64C /* Info.plist in Resources */ = {isa = PBXBuildFile; fileRef = 4A2C55601BE864270023A64C /* Info.plist */; };
		4A2C55661BE864270023A64C /* ViewController.swift in Sources */ = {isa = PBXBuildFile; fileRef = 4A2C55611BE864270023A64C /* ViewController.swift */; };
		4A2C55711BE864470023A64C /* AppDelegate.swift in Sources */ = {isa = PBXBuildFile; fileRef = 4A2C55681BE864470023A64C /* AppDelegate.swift */; };
		4A2C55721BE864470023A64C /* Assets.xcassets in Resources */ = {isa = PBXBuildFile; fileRef = 4A2C55691BE864470023A64C /* Assets.xcassets */; };
		4A2C55731BE864470023A64C /* CirclesViewController.swift in Sources */ = {isa = PBXBuildFile; fileRef = 4A2C556B1BE864470023A64C /* CirclesViewController.swift */; };
		4A2C55741BE864470023A64C /* CircleView.swift in Sources */ = {isa = PBXBuildFile; fileRef = 4A2C556C1BE864470023A64C /* CircleView.swift */; };
		4A2C55751BE864470023A64C /* Info.plist in Resources */ = {isa = PBXBuildFile; fileRef = 4A2C556D1BE864470023A64C /* Info.plist */; };
		4A2C55761BE864470023A64C /* KeypadViewController.swift in Sources */ = {isa = PBXBuildFile; fileRef = 4A2C556E1BE864470023A64C /* KeypadViewController.swift */; };
		4A2C55771BE864470023A64C /* Main.storyboard in Resources */ = {isa = PBXBuildFile; fileRef = 4A2C556F1BE864470023A64C /* Main.storyboard */; };
		4A2C55781BE864470023A64C /* TabBarController.swift in Sources */ = {isa = PBXBuildFile; fileRef = 4A2C55701BE864470023A64C /* TabBarController.swift */; };
		4A3C55441BC3860E009CBAAE /* Constants.swift in Sources */ = {isa = PBXBuildFile; fileRef = 4A3C55431BC3860E009CBAAE /* Constants.swift */; };
		4A3C55451BC3860E009CBAAE /* Constants.swift in Sources */ = {isa = PBXBuildFile; fileRef = 4A3C55431BC3860E009CBAAE /* Constants.swift */; };
		4A8C57E71BCC079600C2C98C /* MultipeerManager.swift in Sources */ = {isa = PBXBuildFile; fileRef = 4A8C57E61BCC079600C2C98C /* MultipeerManager.swift */; };
		4A8C57E81BCC079600C2C98C /* MultipeerManager.swift in Sources */ = {isa = PBXBuildFile; fileRef = 4A8C57E61BCC079600C2C98C /* MultipeerManager.swift */; };
		4A9C9B0E1BBB64D00098FC5A /* Command.swift in Sources */ = {isa = PBXBuildFile; fileRef = 4A9C9B0D1BBB64D00098FC5A /* Command.swift */; };
		4A9C9B0F1BBB64D00098FC5A /* Command.swift in Sources */ = {isa = PBXBuildFile; fileRef = 4A9C9B0D1BBB64D00098FC5A /* Command.swift */; };
		4A9C9B111BBB65740098FC5A /* Keystroke.swift in Sources */ = {isa = PBXBuildFile; fileRef = 4A9C9B101BBB65740098FC5A /* Keystroke.swift */; };
		4A9C9B121BBB65740098FC5A /* Keystroke.swift in Sources */ = {isa = PBXBuildFile; fileRef = 4A9C9B101BBB65740098FC5A /* Keystroke.swift */; };
		4AD017DC1BCE09CD00C9DEC5 /* Utilities.swift in Sources */ = {isa = PBXBuildFile; fileRef = 4AD017DB1BCE09CB00C9DEC5 /* Utilities.swift */; };
		4AD017DD1BCE09CE00C9DEC5 /* Utilities.swift in Sources */ = {isa = PBXBuildFile; fileRef = 4AD017DB1BCE09CB00C9DEC5 /* Utilities.swift */; };
/* End PBXBuildFile section */

/* Begin PBXFileReference section */
		4A2C555B1BE864270023A64C /* AppDelegate.swift */ = {isa = PBXFileReference; fileEncoding = 4; lastKnownFileType = sourcecode.swift; path = AppDelegate.swift; sourceTree = "<group>"; };
		4A2C555D1BE864270023A64C /* Assets.xcassets */ = {isa = PBXFileReference; lastKnownFileType = folder.assetcatalog; path = Assets.xcassets; sourceTree = "<group>"; };
		4A2C555F1BE864270023A64C /* Base */ = {isa = PBXFileReference; lastKnownFileType = file.storyboard; name = Base; path = Base.lproj/Main.storyboard; sourceTree = "<group>"; };
		4A2C55601BE864270023A64C /* Info.plist */ = {isa = PBXFileReference; fileEncoding = 4; lastKnownFileType = text.plist.xml; path = Info.plist; sourceTree = "<group>"; };
		4A2C55611BE864270023A64C /* ViewController.swift */ = {isa = PBXFileReference; fileEncoding = 4; lastKnownFileType = sourcecode.swift; path = ViewController.swift; sourceTree = "<group>"; };
		4A2C55681BE864470023A64C /* AppDelegate.swift */ = {isa = PBXFileReference; fileEncoding = 4; lastKnownFileType = sourcecode.swift; path = AppDelegate.swift; sourceTree = "<group>"; };
		4A2C55691BE864470023A64C /* Assets.xcassets */ = {isa = PBXFileReference; lastKnownFileType = folder.assetcatalog; path = Assets.xcassets; sourceTree = "<group>"; };
		4A2C556B1BE864470023A64C /* CirclesViewController.swift */ = {isa = PBXFileReference; fileEncoding = 4; lastKnownFileType = sourcecode.swift; path = CirclesViewController.swift; sourceTree = "<group>"; };
		4A2C556C1BE864470023A64C /* CircleView.swift */ = {isa = PBXFileReference; fileEncoding = 4; lastKnownFileType = sourcecode.swift; path = CircleView.swift; sourceTree = "<group>"; };
		4A2C556D1BE864470023A64C /* Info.plist */ = {isa = PBXFileReference; fileEncoding = 4; lastKnownFileType = text.plist.xml; path = Info.plist; sourceTree = "<group>"; };
		4A2C556E1BE864470023A64C /* KeypadViewController.swift */ = {isa = PBXFileReference; fileEncoding = 4; lastKnownFileType = sourcecode.swift; path = KeypadViewController.swift; sourceTree = "<group>"; };
		4A2C556F1BE864470023A64C /* Main.storyboard */ = {isa = PBXFileReference; fileEncoding = 4; lastKnownFileType = file.storyboard; path = Main.storyboard; sourceTree = "<group>"; };
		4A2C55701BE864470023A64C /* TabBarController.swift */ = {isa = PBXFileReference; fileEncoding = 4; lastKnownFileType = sourcecode.swift; path = TabBarController.swift; sourceTree = "<group>"; };
		4A3C55431BC3860E009CBAAE /* Constants.swift */ = {isa = PBXFileReference; fileEncoding = 4; lastKnownFileType = sourcecode.swift; name = Constants.swift; path = "Shared Models/Constants.swift"; sourceTree = "<group>"; };
		4A45EECA1BE6E5B200DFD658 /* Incoming.ino */ = {isa = PBXFileReference; explicitFileType = sourcecode.c; name = Incoming.ino; path = Arduino/Incoming/Incoming.ino; sourceTree = "<group>"; xcLanguageSpecificationIdentifier = xcode.lang.c; };
		4A45EECC1BE6E7A100DFD658 /* Outgoing.ino */ = {isa = PBXFileReference; explicitFileType = sourcecode.c; name = Outgoing.ino; path = Arduino/Outgoing/Outgoing.ino; sourceTree = "<group>"; xcLanguageSpecificationIdentifier = xcode.lang.c; };
		4A8C57E61BCC079600C2C98C /* MultipeerManager.swift */ = {isa = PBXFileReference; fileEncoding = 4; lastKnownFileType = sourcecode.swift; name = MultipeerManager.swift; path = "Shared Models/MultipeerManager.swift"; sourceTree = "<group>"; };
		4A9C9ACB1BBB5E710098FC5A /* FluidQ Server.app */ = {isa = PBXFileReference; explicitFileType = wrapper.application; includeInIndex = 0; path = "FluidQ Server.app"; sourceTree = BUILT_PRODUCTS_DIR; };
		4A9C9AF81BBB63AC0098FC5A /* FluidQ.app */ = {isa = PBXFileReference; explicitFileType = wrapper.application; includeInIndex = 0; path = FluidQ.app; sourceTree = BUILT_PRODUCTS_DIR; };
		4A9C9B0D1BBB64D00098FC5A /* Command.swift */ = {isa = PBXFileReference; fileEncoding = 4; lastKnownFileType = sourcecode.swift; name = Command.swift; path = "Shared Models/Command.swift"; sourceTree = "<group>"; };
		4A9C9B101BBB65740098FC5A /* Keystroke.swift */ = {isa = PBXFileReference; fileEncoding = 4; lastKnownFileType = sourcecode.swift; name = Keystroke.swift; path = "Shared Models/Keystroke.swift"; sourceTree = "<group>"; };
		4AD017DB1BCE09CB00C9DEC5 /* Utilities.swift */ = {isa = PBXFileReference; lastKnownFileType = sourcecode.swift; name = Utilities.swift; path = "Shared Models/Utilities.swift"; sourceTree = "<group>"; };
/* End PBXFileReference section */

/* Begin PBXFrameworksBuildPhase section */
		4A9C9AC81BBB5E710098FC5A /* Frameworks */ = {
			isa = PBXFrameworksBuildPhase;
			buildActionMask = 2147483647;
			files = (
			);
			runOnlyForDeploymentPostprocessing = 0;
		};
		4A9C9AF51BBB63AC0098FC5A /* Frameworks */ = {
			isa = PBXFrameworksBuildPhase;
			buildActionMask = 2147483647;
			files = (
			);
			runOnlyForDeploymentPostprocessing = 0;
		};
/* End PBXFrameworksBuildPhase section */

/* Begin PBXGroup section */
		4A2C555A1BE864270023A64C /* FluidQ Server */ = {
			isa = PBXGroup;
			children = (
				4A2C555B1BE864270023A64C /* AppDelegate.swift */,
				4A2C555D1BE864270023A64C /* Assets.xcassets */,
				4A2C555E1BE864270023A64C /* Main.storyboard */,
				4A2C55601BE864270023A64C /* Info.plist */,
				4A2C55611BE864270023A64C /* ViewController.swift */,
			);
			path = "FluidQ Server";
			sourceTree = "<group>";
		};
		4A2C55671BE864470023A64C /* FluidQ */ = {
			isa = PBXGroup;
			children = (
				4A2C55681BE864470023A64C /* AppDelegate.swift */,
				4A2C55691BE864470023A64C /* Assets.xcassets */,
				4A2C556A1BE864470023A64C /* Circles */,
				4A2C556D1BE864470023A64C /* Info.plist */,
				4A2C556E1BE864470023A64C /* KeypadViewController.swift */,
				4A2C556F1BE864470023A64C /* Main.storyboard */,
				4A2C55701BE864470023A64C /* TabBarController.swift */,
			);
			path = FluidQ;
			sourceTree = "<group>";
		};
		4A2C556A1BE864470023A64C /* Circles */ = {
			isa = PBXGroup;
			children = (
				4A2C556B1BE864470023A64C /* CirclesViewController.swift */,
				4A2C556C1BE864470023A64C /* CircleView.swift */,
			);
			path = Circles;
			sourceTree = "<group>";
		};
		4A45EEC81BE6E57400DFD658 /* Arduino */ = {
			isa = PBXGroup;
			children = (
				4A45EEC91BE6E5A100DFD658 /* Incoming */,
				4A45EECB1BE6E5F000DFD658 /* Outgoing */,
			);
			name = Arduino;
			sourceTree = "<group>";
		};
		4A45EEC91BE6E5A100DFD658 /* Incoming */ = {
			isa = PBXGroup;
			children = (
				4A45EECA1BE6E5B200DFD658 /* Incoming.ino */,
			);
			name = Incoming;
			sourceTree = "<group>";
		};
		4A45EECB1BE6E5F000DFD658 /* Outgoing */ = {
			isa = PBXGroup;
			children = (
				4A45EECC1BE6E7A100DFD658 /* Outgoing.ino */,
			);
			name = Outgoing;
			sourceTree = "<group>";
		};
		4A9C9AC21BBB5E710098FC5A = {
			isa = PBXGroup;
			children = (
				4A9C9B0C1BBB64A90098FC5A /* Shared Models */,
				4A2C555A1BE864270023A64C /* FluidQ Server */,
				4A2C55671BE864470023A64C /* FluidQ */,
				4A45EEC81BE6E57400DFD658 /* Arduino */,
				4A9C9ACC1BBB5E710098FC5A /* Products */,
			);
			sourceTree = "<group>";
		};
		4A9C9ACC1BBB5E710098FC5A /* Products */ = {
			isa = PBXGroup;
			children = (
				4A9C9ACB1BBB5E710098FC5A /* FluidQ Server.app */,
				4A9C9AF81BBB63AC0098FC5A /* FluidQ.app */,
			);
			name = Products;
			sourceTree = "<group>";
		};
		4A9C9B0C1BBB64A90098FC5A /* Shared Models */ = {
			isa = PBXGroup;
			children = (
				4A9C9B0D1BBB64D00098FC5A /* Command.swift */,
				4A3C55431BC3860E009CBAAE /* Constants.swift */,
				4A9C9B101BBB65740098FC5A /* Keystroke.swift */,
				4A8C57E61BCC079600C2C98C /* MultipeerManager.swift */,
				4AD017DB1BCE09CB00C9DEC5 /* Utilities.swift */,
			);
			name = "Shared Models";
			sourceTree = "<group>";
		};
/* End PBXGroup section */

/* Begin PBXNativeTarget section */
		4A9C9ACA1BBB5E710098FC5A /* FluidQ Server */ = {
			isa = PBXNativeTarget;
			buildConfigurationList = 4A9C9ADA1BBB5E710098FC5A /* Build configuration list for PBXNativeTarget "FluidQ Server" */;
			buildPhases = (
				4A9C9AC71BBB5E710098FC5A /* Sources */,
				4A9C9AC81BBB5E710098FC5A /* Frameworks */,
				4A9C9AC91BBB5E710098FC5A /* Resources */,
			);
			buildRules = (
			);
			dependencies = (
			);
			name = "FluidQ Server";
			productName = "TouchDesign Server";
			productReference = 4A9C9ACB1BBB5E710098FC5A /* FluidQ Server.app */;
			productType = "com.apple.product-type.application";
		};
		4A9C9AF71BBB63AC0098FC5A /* FluidQ */ = {
			isa = PBXNativeTarget;
			buildConfigurationList = 4A9C9B071BBB63AC0098FC5A /* Build configuration list for PBXNativeTarget "FluidQ" */;
			buildPhases = (
				4A9C9AF41BBB63AC0098FC5A /* Sources */,
				4A9C9AF51BBB63AC0098FC5A /* Frameworks */,
				4A9C9AF61BBB63AC0098FC5A /* Resources */,
			);
			buildRules = (
			);
			dependencies = (
			);
			name = FluidQ;
			productName = TouchDesign;
			productReference = 4A9C9AF81BBB63AC0098FC5A /* FluidQ.app */;
			productType = "com.apple.product-type.application";
		};
/* End PBXNativeTarget section */

/* Begin PBXProject section */
		4A9C9AC31BBB5E710098FC5A /* Project object */ = {
			isa = PBXProject;
			attributes = {
				LastSwiftUpdateCheck = 0720;
				LastUpgradeCheck = 0710;
				ORGANIZATIONNAME = "Harry Shamansky";
				TargetAttributes = {
					4A9C9ACA1BBB5E710098FC5A = {
						CreatedOnToolsVersion = 7.1;
						DevelopmentTeam = B5TXHQBF3Z;
						SystemCapabilities = {
							com.apple.Sandbox = {
								enabled = 0;
							};
						};
					};
					4A9C9AF71BBB63AC0098FC5A = {
						CreatedOnToolsVersion = 7.1;
						DevelopmentTeam = B5TXHQBF3Z;
					};
				};
			};
			buildConfigurationList = 4A9C9AC61BBB5E710098FC5A /* Build configuration list for PBXProject "FluidQ" */;
			compatibilityVersion = "Xcode 3.2";
			developmentRegion = English;
			hasScannedForEncodings = 0;
			knownRegions = (
				en,
				Base,
			);
			mainGroup = 4A9C9AC21BBB5E710098FC5A;
			productRefGroup = 4A9C9ACC1BBB5E710098FC5A /* Products */;
			projectDirPath = "";
			projectRoot = "";
			targets = (
				4A9C9ACA1BBB5E710098FC5A /* FluidQ Server */,
				4A9C9AF71BBB63AC0098FC5A /* FluidQ */,
			);
		};
/* End PBXProject section */

/* Begin PBXResourcesBuildPhase section */
		4A9C9AC91BBB5E710098FC5A /* Resources */ = {
			isa = PBXResourcesBuildPhase;
			buildActionMask = 2147483647;
			files = (
				4A2C55631BE864270023A64C /* Assets.xcassets in Resources */,
				4A2C55641BE864270023A64C /* Main.storyboard in Resources */,
				4A2C55651BE864270023A64C /* Info.plist in Resources */,
			);
			runOnlyForDeploymentPostprocessing = 0;
		};
		4A9C9AF61BBB63AC0098FC5A /* Resources */ = {
			isa = PBXResourcesBuildPhase;
			buildActionMask = 2147483647;
			files = (
				4A2C55771BE864470023A64C /* Main.storyboard in Resources */,
				4A2C55751BE864470023A64C /* Info.plist in Resources */,
				4A2C55721BE864470023A64C /* Assets.xcassets in Resources */,
			);
			runOnlyForDeploymentPostprocessing = 0;
		};
/* End PBXResourcesBuildPhase section */

/* Begin PBXSourcesBuildPhase section */
		4A9C9AC71BBB5E710098FC5A /* Sources */ = {
			isa = PBXSourcesBuildPhase;
			buildActionMask = 2147483647;
			files = (
				4A2C55621BE864270023A64C /* AppDelegate.swift in Sources */,
				4AD017DC1BCE09CD00C9DEC5 /* Utilities.swift in Sources */,
				4A9C9B0E1BBB64D00098FC5A /* Command.swift in Sources */,
				4A9C9B111BBB65740098FC5A /* Keystroke.swift in Sources */,
				4A2C55661BE864270023A64C /* ViewController.swift in Sources */,
				4A3C55441BC3860E009CBAAE /* Constants.swift in Sources */,
				4A8C57E71BCC079600C2C98C /* MultipeerManager.swift in Sources */,
			);
			runOnlyForDeploymentPostprocessing = 0;
		};
		4A9C9AF41BBB63AC0098FC5A /* Sources */ = {
			isa = PBXSourcesBuildPhase;
			buildActionMask = 2147483647;
			files = (
				4A2C55741BE864470023A64C /* CircleView.swift in Sources */,
				4A2C55761BE864470023A64C /* KeypadViewController.swift in Sources */,
				4A2C55731BE864470023A64C /* CirclesViewController.swift in Sources */,
				4A2C55781BE864470023A64C /* TabBarController.swift in Sources */,
				4A2C55711BE864470023A64C /* AppDelegate.swift in Sources */,
				4A9C9B0F1BBB64D00098FC5A /* Command.swift in Sources */,
				4A9C9B121BBB65740098FC5A /* Keystroke.swift in Sources */,
				4A3C55451BC3860E009CBAAE /* Constants.swift in Sources */,
				4AD017DD1BCE09CE00C9DEC5 /* Utilities.swift in Sources */,
				4A8C57E81BCC079600C2C98C /* MultipeerManager.swift in Sources */,
			);
			runOnlyForDeploymentPostprocessing = 0;
		};
/* End PBXSourcesBuildPhase section */

/* Begin PBXVariantGroup section */
		4A2C555E1BE864270023A64C /* Main.storyboard */ = {
			isa = PBXVariantGroup;
			children = (
				4A2C555F1BE864270023A64C /* Base */,
			);
			name = Main.storyboard;
			sourceTree = "<group>";
		};
/* End PBXVariantGroup section */

/* Begin XCBuildConfiguration section */
		4A9C9AD81BBB5E710098FC5A /* Debug */ = {
			isa = XCBuildConfiguration;
			buildSettings = {
				ALWAYS_SEARCH_USER_PATHS = NO;
				CLANG_CXX_LANGUAGE_STANDARD = "gnu++0x";
				CLANG_CXX_LIBRARY = "libc++";
				CLANG_ENABLE_MODULES = YES;
				CLANG_ENABLE_OBJC_ARC = YES;
				CLANG_WARN_BOOL_CONVERSION = YES;
				CLANG_WARN_CONSTANT_CONVERSION = YES;
				CLANG_WARN_DIRECT_OBJC_ISA_USAGE = YES_ERROR;
				CLANG_WARN_EMPTY_BODY = YES;
				CLANG_WARN_ENUM_CONVERSION = YES;
				CLANG_WARN_INT_CONVERSION = YES;
				CLANG_WARN_OBJC_ROOT_CLASS = YES_ERROR;
				CLANG_WARN_UNREACHABLE_CODE = YES;
				CLANG_WARN__DUPLICATE_METHOD_MATCH = YES;
				CODE_SIGN_IDENTITY = "-";
				COPY_PHASE_STRIP = NO;
				DEBUG_INFORMATION_FORMAT = dwarf;
				ENABLE_STRICT_OBJC_MSGSEND = YES;
				ENABLE_TESTABILITY = YES;
				GCC_C_LANGUAGE_STANDARD = gnu99;
				GCC_DYNAMIC_NO_PIC = NO;
				GCC_NO_COMMON_BLOCKS = YES;
				GCC_OPTIMIZATION_LEVEL = 0;
				GCC_PREPROCESSOR_DEFINITIONS = (
					"DEBUG=1",
					"$(inherited)",
				);
				GCC_WARN_64_TO_32_BIT_CONVERSION = YES;
				GCC_WARN_ABOUT_RETURN_TYPE = YES_ERROR;
				GCC_WARN_UNDECLARED_SELECTOR = YES;
				GCC_WARN_UNINITIALIZED_AUTOS = YES_AGGRESSIVE;
				GCC_WARN_UNUSED_FUNCTION = YES;
				GCC_WARN_UNUSED_VARIABLE = YES;
				IPHONEOS_DEPLOYMENT_TARGET = 9.0;
				MACOSX_DEPLOYMENT_TARGET = 10.11;
				MTL_ENABLE_DEBUG_INFO = YES;
				ONLY_ACTIVE_ARCH = YES;
				SDKROOT = macosx;
				SWIFT_OPTIMIZATION_LEVEL = "-Onone";
			};
			name = Debug;
		};
		4A9C9AD91BBB5E710098FC5A /* Release */ = {
			isa = XCBuildConfiguration;
			buildSettings = {
				ALWAYS_SEARCH_USER_PATHS = NO;
				CLANG_CXX_LANGUAGE_STANDARD = "gnu++0x";
				CLANG_CXX_LIBRARY = "libc++";
				CLANG_ENABLE_MODULES = YES;
				CLANG_ENABLE_OBJC_ARC = YES;
				CLANG_WARN_BOOL_CONVERSION = YES;
				CLANG_WARN_CONSTANT_CONVERSION = YES;
				CLANG_WARN_DIRECT_OBJC_ISA_USAGE = YES_ERROR;
				CLANG_WARN_EMPTY_BODY = YES;
				CLANG_WARN_ENUM_CONVERSION = YES;
				CLANG_WARN_INT_CONVERSION = YES;
				CLANG_WARN_OBJC_ROOT_CLASS = YES_ERROR;
				CLANG_WARN_UNREACHABLE_CODE = YES;
				CLANG_WARN__DUPLICATE_METHOD_MATCH = YES;
				CODE_SIGN_IDENTITY = "-";
				COPY_PHASE_STRIP = NO;
				DEBUG_INFORMATION_FORMAT = "dwarf-with-dsym";
				ENABLE_NS_ASSERTIONS = NO;
				ENABLE_STRICT_OBJC_MSGSEND = YES;
				GCC_C_LANGUAGE_STANDARD = gnu99;
				GCC_NO_COMMON_BLOCKS = YES;
				GCC_WARN_64_TO_32_BIT_CONVERSION = YES;
				GCC_WARN_ABOUT_RETURN_TYPE = YES_ERROR;
				GCC_WARN_UNDECLARED_SELECTOR = YES;
				GCC_WARN_UNINITIALIZED_AUTOS = YES_AGGRESSIVE;
				GCC_WARN_UNUSED_FUNCTION = YES;
				GCC_WARN_UNUSED_VARIABLE = YES;
				IPHONEOS_DEPLOYMENT_TARGET = 9.0;
				MACOSX_DEPLOYMENT_TARGET = 10.11;
				MTL_ENABLE_DEBUG_INFO = NO;
				SDKROOT = macosx;
			};
			name = Release;
		};
		4A9C9ADB1BBB5E710098FC5A /* Debug */ = {
			isa = XCBuildConfiguration;
			buildSettings = {
				ASSETCATALOG_COMPILER_APPICON_NAME = AppIcon;
				CLANG_ENABLE_MODULES = YES;
				COMBINE_HIDPI_IMAGES = YES;
				INFOPLIST_FILE = "$(SRCROOT)/FluidQ Server/Info.plist";
				LD_RUNPATH_SEARCH_PATHS = "$(inherited) @executable_path/../Frameworks";
				PRODUCT_BUNDLE_IDENTIFIER = "com.harryshamansky.FluidQ-Server";
				PRODUCT_MODULE_NAME = FluidQ;
				PRODUCT_NAME = "FluidQ Server";
				SWIFT_OPTIMIZATION_LEVEL = "-Onone";
			};
			name = Debug;
		};
		4A9C9ADC1BBB5E710098FC5A /* Release */ = {
			isa = XCBuildConfiguration;
			buildSettings = {
				ASSETCATALOG_COMPILER_APPICON_NAME = AppIcon;
				CLANG_ENABLE_MODULES = YES;
				COMBINE_HIDPI_IMAGES = YES;
				INFOPLIST_FILE = "$(SRCROOT)/FluidQ Server/Info.plist";
				LD_RUNPATH_SEARCH_PATHS = "$(inherited) @executable_path/../Frameworks";
				PRODUCT_BUNDLE_IDENTIFIER = "com.harryshamansky.FluidQ-Server";
				PRODUCT_MODULE_NAME = FluidQ;
				PRODUCT_NAME = "FluidQ Server";
			};
			name = Release;
		};
		4A9C9B081BBB63AC0098FC5A /* Debug */ = {
			isa = XCBuildConfiguration;
			buildSettings = {
				ASSETCATALOG_COMPILER_APPICON_NAME = AppIcon;
				CODE_SIGN_IDENTITY = "iPhone Developer";
				"CODE_SIGN_IDENTITY[sdk=iphoneos*]" = "iPhone Developer";
				INFOPLIST_FILE = "$(SRCROOT)/FluidQ/Info.plist";
				IPHONEOS_DEPLOYMENT_TARGET = 9.1;
				LD_RUNPATH_SEARCH_PATHS = "$(inherited) @executable_path/Frameworks";
				PRODUCT_BUNDLE_IDENTIFIER = com.harryshamansky.FluidQ;
				PRODUCT_MODULE_NAME = FluidQ;
				PRODUCT_NAME = FluidQ;
				SDKROOT = iphoneos;
				TARGETED_DEVICE_FAMILY = "1,2";
			};
			name = Debug;
		};
		4A9C9B091BBB63AC0098FC5A /* Release */ = {
			isa = XCBuildConfiguration;
			buildSettings = {
				ASSETCATALOG_COMPILER_APPICON_NAME = AppIcon;
				CODE_SIGN_IDENTITY = "iPhone Developer";
				"CODE_SIGN_IDENTITY[sdk=iphoneos*]" = "iPhone Developer";
				INFOPLIST_FILE = "$(SRCROOT)/FluidQ/Info.plist";
				IPHONEOS_DEPLOYMENT_TARGET = 9.1;
				LD_RUNPATH_SEARCH_PATHS = "$(inherited) @executable_path/Frameworks";
				PRODUCT_BUNDLE_IDENTIFIER = com.harryshamansky.FluidQ;
				PRODUCT_MODULE_NAME = FluidQ;
				PRODUCT_NAME = FluidQ;
				SDKROOT = iphoneos;
				TARGETED_DEVICE_FAMILY = "1,2";
				VALIDATE_PRODUCT = YES;
			};
			name = Release;
		};
/* End XCBuildConfiguration section */

/* Begin XCConfigurationList section */
		4A9C9AC61BBB5E710098FC5A /* Build configuration list for PBXProject "FluidQ" */ = {
			isa = XCConfigurationList;
			buildConfigurations = (
				4A9C9AD81BBB5E710098FC5A /* Debug */,
				4A9C9AD91BBB5E710098FC5A /* Release */,
			);
			defaultConfigurationIsVisible = 0;
			defaultConfigurationName = Release;
		};
		4A9C9ADA1BBB5E710098FC5A /* Build configuration list for PBXNativeTarget "FluidQ Server" */ = {
			isa = XCConfigurationList;
			buildConfigurations = (
				4A9C9ADB1BBB5E710098FC5A /* Debug */,
				4A9C9ADC1BBB5E710098FC5A /* Release */,
			);
			defaultConfigurationIsVisible = 0;
			defaultConfigurationName = Release;
		};
		4A9C9B071BBB63AC0098FC5A /* Build configuration list for PBXNativeTarget "FluidQ" */ = {
			isa = XCConfigurationList;
			buildConfigurations = (
				4A9C9B081BBB63AC0098FC5A /* Debug */,
				4A9C9B091BBB63AC0098FC5A /* Release */,
			);
			defaultConfigurationIsVisible = 0;
			defaultConfigurationName = Release;
		};
/* End XCConfigurationList section */
	};
	rootObject = 4A9C9AC31BBB5E710098FC5A /* Project object */;
}
